{
  "originHash" : "3f797a71b87fce69536b62c831f85bae56f7b008e9c31f46397ea1435366b56c",
  "pins" : [
    {
      "identity" : "r.swift",
      "kind" : "remoteSourceControl",
      "location" : "https://github.com/mac-cain13/R.swift",
      "state" : {
        "revision" : "94f3426a3cedfc15676c91261c92841545e735c6",
        "version" : "7.6.1"
      }
    },
    {
      "identity" : "swift-argument-parser",
      "kind" : "remoteSourceControl",
      "location" : "https://github.com/apple/swift-argument-parser",
      "state" : {
        "revision" : "41982a3656a71c768319979febd796c6fd111d5c",
        "version" : "1.5.0"
      }
    },
    {
      "identity" : "xcodeedit",
      "kind" : "remoteSourceControl",
      "location" : "https://github.com/tomlokhorst/XcodeEdit",
      "state" : {
        "revision" : "017d23f71fa8d025989610db26d548c44cacefae",
        "version" : "2.10.2"
      }
    }
  ],
  "version" : 3
}
